// !$*UTF8*$!
{
	archiveVersion = 1;
	classes = {
	};
	objectVersion = 56;
	objects = {

/* Begin PBXBuildFile section */
		F90907BA2ABCDE03007D1C8C /* Stepper.swift in Sources */ = {isa = PBXBuildFile; fileRef = F90907B92ABCDE03007D1C8C /* Stepper.swift */; };
		F90E453C2ABC33A000C1851A /* App.swift in Sources */ = {isa = PBXBuildFile; fileRef = F90E453B2ABC33A000C1851A /* App.swift */; };
		F90E453E2ABC33A000C1851A /* ContentView.swift in Sources */ = {isa = PBXBuildFile; fileRef = F90E453D2ABC33A000C1851A /* ContentView.swift */; };
		F90E45402ABC33A200C1851A /* Assets.xcassets in Resources */ = {isa = PBXBuildFile; fileRef = F90E453F2ABC33A200C1851A /* Assets.xcassets */; };
		F90E45432ABC33A200C1851A /* Preview Assets.xcassets in Resources */ = {isa = PBXBuildFile; fileRef = F90E45422ABC33A200C1851A /* Preview Assets.xcassets */; };
		F90E454B2ABC361100C1851A /* GraphQLClient.swift in Sources */ = {isa = PBXBuildFile; fileRef = F90E454A2ABC361100C1851A /* GraphQLClient.swift */; };
		F90E454D2ABC3C8F00C1851A /* GraphQLRequest.swift in Sources */ = {isa = PBXBuildFile; fileRef = F90E454C2ABC3C8F00C1851A /* GraphQLRequest.swift */; };
		F90E454F2ABC3CB700C1851A /* GraphQLResponse.swift in Sources */ = {isa = PBXBuildFile; fileRef = F90E454E2ABC3CB700C1851A /* GraphQLResponse.swift */; };
		F90E45532ABC4D5300C1851A /* Place.swift in Sources */ = {isa = PBXBuildFile; fileRef = F90E45522ABC4D5300C1851A /* Place.swift */; };
		F90E45592ABC4E2800C1851A /* Models.swift in Sources */ = {isa = PBXBuildFile; fileRef = F90E45582ABC4E2800C1851A /* Models.swift */; };
		F90E45602ABC5C7F00C1851A /* Flight.swift in Sources */ = {isa = PBXBuildFile; fileRef = F90E455F2ABC5C7F00C1851A /* Flight.swift */; };
		F90E45622ABC881600C1851A /* CabinClass.swift in Sources */ = {isa = PBXBuildFile; fileRef = F90E45612ABC881600C1851A /* CabinClass.swift */; };
		F90E45642ABC884800C1851A /* BookingOption.swift in Sources */ = {isa = PBXBuildFile; fileRef = F90E45632ABC884800C1851A /* BookingOption.swift */; };
		F90E45662ABC886800C1851A /* Segment.swift in Sources */ = {isa = PBXBuildFile; fileRef = F90E45652ABC886800C1851A /* Segment.swift */; };
		F90E45692ABC888A00C1851A /* Carrier.swift in Sources */ = {isa = PBXBuildFile; fileRef = F90E45682ABC888A00C1851A /* Carrier.swift */; };
		F90E456C2ABC88BC00C1851A /* Stop.swift in Sources */ = {isa = PBXBuildFile; fileRef = F90E456B2ABC88BC00C1851A /* Stop.swift */; };
		F90E456F2ABC88CF00C1851A /* City.swift in Sources */ = {isa = PBXBuildFile; fileRef = F90E456E2ABC88CF00C1851A /* City.swift */; };
		F90E45712ABC88EA00C1851A /* Layover.swift in Sources */ = {isa = PBXBuildFile; fileRef = F90E45702ABC88EA00C1851A /* Layover.swift */; };
		F90E45732ABC8AAF00C1851A /* SearchConfigurationView.swift in Sources */ = {isa = PBXBuildFile; fileRef = F90E45722ABC8AAF00C1851A /* SearchConfigurationView.swift */; };
		F91995D72AC028FC007E5888 /* FlightsContentDetailView.swift in Sources */ = {isa = PBXBuildFile; fileRef = F91995D62AC028FC007E5888 /* FlightsContentDetailView.swift */; };
		F91995DA2AC02923007E5888 /* CGPoint+Operators.swift in Sources */ = {isa = PBXBuildFile; fileRef = F91995D92AC02923007E5888 /* CGPoint+Operators.swift */; };
		F91995DC2AC02971007E5888 /* FlightsContentItineraryImagesView.swift in Sources */ = {isa = PBXBuildFile; fileRef = F91995DB2AC02971007E5888 /* FlightsContentItineraryImagesView.swift */; };
		F91995DE2AC02A4E007E5888 /* FlightsContentItineraryPlaceNamesView.swift in Sources */ = {isa = PBXBuildFile; fileRef = F91995DD2AC02A4E007E5888 /* FlightsContentItineraryPlaceNamesView.swift */; };
		F91996EC2ABF690E001D3617 /* ScrollViewOffsetReader.swift in Sources */ = {isa = PBXBuildFile; fileRef = F91996EB2ABF690E001D3617 /* ScrollViewOffsetReader.swift */; };
		F91996EF2ABF6A43001D3617 /* Triangle.swift in Sources */ = {isa = PBXBuildFile; fileRef = F91996EE2ABF6A43001D3617 /* Triangle.swift */; };
		F91996F52ABF81EE001D3617 /* SizeReaderViewModifier.swift in Sources */ = {isa = PBXBuildFile; fileRef = F91996F42ABF81EE001D3617 /* SizeReaderViewModifier.swift */; };
		F97492782AC05658006F61C6 /* FlightsLoadingView.swift in Sources */ = {isa = PBXBuildFile; fileRef = F97492772AC05658006F61C6 /* FlightsLoadingView.swift */; };
		F974927A2AC05EAF006F61C6 /* FlightsContentView.swift in Sources */ = {isa = PBXBuildFile; fileRef = F97492792AC05EAF006F61C6 /* FlightsContentView.swift */; };
		F974927C2AC063DA006F61C6 /* GradientBackgroundView.swift in Sources */ = {isa = PBXBuildFile; fileRef = F974927B2AC063DA006F61C6 /* GradientBackgroundView.swift */; };
		F9848E822ABD88AB00F3642A /* TapLocationView.swift in Sources */ = {isa = PBXBuildFile; fileRef = F9848E812ABD88AB00F3642A /* TapLocationView.swift */; };
		F9848E842ABD8C3500F3642A /* MultiSelectionPicker.swift in Sources */ = {isa = PBXBuildFile; fileRef = F9848E832ABD8C3500F3642A /* MultiSelectionPicker.swift */; };
		F9848E862ABD962000F3642A /* CheckmarkButtonStyle.swift in Sources */ = {isa = PBXBuildFile; fileRef = F9848E852ABD962000F3642A /* CheckmarkButtonStyle.swift */; };
		F9848E882ABD99B300F3642A /* ShadowButtonStyle.swift in Sources */ = {isa = PBXBuildFile; fileRef = F9848E872ABD99B300F3642A /* ShadowButtonStyle.swift */; };
		F9848E8C2ABDA68400F3642A /* SearchView.swift in Sources */ = {isa = PBXBuildFile; fileRef = F9848E8B2ABDA68400F3642A /* SearchView.swift */; };
/* End PBXBuildFile section */

/* Begin PBXFileReference section */
		F90907B92ABCDE03007D1C8C /* Stepper.swift */ = {isa = PBXFileReference; lastKnownFileType = sourcecode.swift; path = Stepper.swift; sourceTree = "<group>"; };
		F90E45382ABC33A000C1851A /* Kiwi-Assignment.app */ = {isa = PBXFileReference; explicitFileType = wrapper.application; includeInIndex = 0; path = "Kiwi-Assignment.app"; sourceTree = BUILT_PRODUCTS_DIR; };
		F90E453B2ABC33A000C1851A /* App.swift */ = {isa = PBXFileReference; lastKnownFileType = sourcecode.swift; path = App.swift; sourceTree = "<group>"; };
		F90E453D2ABC33A000C1851A /* ContentView.swift */ = {isa = PBXFileReference; lastKnownFileType = sourcecode.swift; path = ContentView.swift; sourceTree = "<group>"; };
		F90E453F2ABC33A200C1851A /* Assets.xcassets */ = {isa = PBXFileReference; lastKnownFileType = folder.assetcatalog; path = Assets.xcassets; sourceTree = "<group>"; };
		F90E45422ABC33A200C1851A /* Preview Assets.xcassets */ = {isa = PBXFileReference; lastKnownFileType = folder.assetcatalog; path = "Preview Assets.xcassets"; sourceTree = "<group>"; };
		F90E454A2ABC361100C1851A /* GraphQLClient.swift */ = {isa = PBXFileReference; lastKnownFileType = sourcecode.swift; path = GraphQLClient.swift; sourceTree = "<group>"; };
		F90E454C2ABC3C8F00C1851A /* GraphQLRequest.swift */ = {isa = PBXFileReference; lastKnownFileType = sourcecode.swift; path = GraphQLRequest.swift; sourceTree = "<group>"; };
		F90E454E2ABC3CB700C1851A /* GraphQLResponse.swift */ = {isa = PBXFileReference; lastKnownFileType = sourcecode.swift; path = GraphQLResponse.swift; sourceTree = "<group>"; };
		F90E45522ABC4D5300C1851A /* Place.swift */ = {isa = PBXFileReference; lastKnownFileType = sourcecode.swift; path = Place.swift; sourceTree = "<group>"; };
		F90E45582ABC4E2800C1851A /* Models.swift */ = {isa = PBXFileReference; lastKnownFileType = sourcecode.swift; path = Models.swift; sourceTree = "<group>"; };
		F90E455F2ABC5C7F00C1851A /* Flight.swift */ = {isa = PBXFileReference; lastKnownFileType = sourcecode.swift; path = Flight.swift; sourceTree = "<group>"; };
		F90E45612ABC881600C1851A /* CabinClass.swift */ = {isa = PBXFileReference; lastKnownFileType = sourcecode.swift; path = CabinClass.swift; sourceTree = "<group>"; };
		F90E45632ABC884800C1851A /* BookingOption.swift */ = {isa = PBXFileReference; lastKnownFileType = sourcecode.swift; path = BookingOption.swift; sourceTree = "<group>"; };
		F90E45652ABC886800C1851A /* Segment.swift */ = {isa = PBXFileReference; lastKnownFileType = sourcecode.swift; path = Segment.swift; sourceTree = "<group>"; };
		F90E45682ABC888A00C1851A /* Carrier.swift */ = {isa = PBXFileReference; lastKnownFileType = sourcecode.swift; path = Carrier.swift; sourceTree = "<group>"; };
		F90E456B2ABC88BC00C1851A /* Stop.swift */ = {isa = PBXFileReference; lastKnownFileType = sourcecode.swift; path = Stop.swift; sourceTree = "<group>"; };
		F90E456E2ABC88CF00C1851A /* City.swift */ = {isa = PBXFileReference; lastKnownFileType = sourcecode.swift; path = City.swift; sourceTree = "<group>"; };
		F90E45702ABC88EA00C1851A /* Layover.swift */ = {isa = PBXFileReference; lastKnownFileType = sourcecode.swift; path = Layover.swift; sourceTree = "<group>"; };
		F90E45722ABC8AAF00C1851A /* SearchConfigurationView.swift */ = {isa = PBXFileReference; lastKnownFileType = sourcecode.swift; path = SearchConfigurationView.swift; sourceTree = "<group>"; };
		F91995D62AC028FC007E5888 /* FlightsContentDetailView.swift */ = {isa = PBXFileReference; lastKnownFileType = sourcecode.swift; path = FlightsContentDetailView.swift; sourceTree = "<group>"; };
		F91995D92AC02923007E5888 /* CGPoint+Operators.swift */ = {isa = PBXFileReference; lastKnownFileType = sourcecode.swift; path = "CGPoint+Operators.swift"; sourceTree = "<group>"; };
		F91995DB2AC02971007E5888 /* FlightsContentItineraryImagesView.swift */ = {isa = PBXFileReference; lastKnownFileType = sourcecode.swift; path = FlightsContentItineraryImagesView.swift; sourceTree = "<group>"; };
		F91995DD2AC02A4E007E5888 /* FlightsContentItineraryPlaceNamesView.swift */ = {isa = PBXFileReference; lastKnownFileType = sourcecode.swift; path = FlightsContentItineraryPlaceNamesView.swift; sourceTree = "<group>"; };
		F91996EB2ABF690E001D3617 /* ScrollViewOffsetReader.swift */ = {isa = PBXFileReference; lastKnownFileType = sourcecode.swift; path = ScrollViewOffsetReader.swift; sourceTree = "<group>"; };
		F91996EE2ABF6A43001D3617 /* Triangle.swift */ = {isa = PBXFileReference; lastKnownFileType = sourcecode.swift; path = Triangle.swift; sourceTree = "<group>"; };
		F91996F42ABF81EE001D3617 /* SizeReaderViewModifier.swift */ = {isa = PBXFileReference; lastKnownFileType = sourcecode.swift; path = SizeReaderViewModifier.swift; sourceTree = "<group>"; };
		F97492772AC05658006F61C6 /* FlightsLoadingView.swift */ = {isa = PBXFileReference; lastKnownFileType = sourcecode.swift; path = FlightsLoadingView.swift; sourceTree = "<group>"; };
		F97492792AC05EAF006F61C6 /* FlightsContentView.swift */ = {isa = PBXFileReference; lastKnownFileType = sourcecode.swift; path = FlightsContentView.swift; sourceTree = "<group>"; };
		F974927B2AC063DA006F61C6 /* GradientBackgroundView.swift */ = {isa = PBXFileReference; lastKnownFileType = sourcecode.swift; path = GradientBackgroundView.swift; sourceTree = "<group>"; };
		F9848E812ABD88AB00F3642A /* TapLocationView.swift */ = {isa = PBXFileReference; lastKnownFileType = sourcecode.swift; path = TapLocationView.swift; sourceTree = "<group>"; };
		F9848E832ABD8C3500F3642A /* MultiSelectionPicker.swift */ = {isa = PBXFileReference; lastKnownFileType = sourcecode.swift; path = MultiSelectionPicker.swift; sourceTree = "<group>"; };
		F9848E852ABD962000F3642A /* CheckmarkButtonStyle.swift */ = {isa = PBXFileReference; lastKnownFileType = sourcecode.swift; path = CheckmarkButtonStyle.swift; sourceTree = "<group>"; };
		F9848E872ABD99B300F3642A /* ShadowButtonStyle.swift */ = {isa = PBXFileReference; lastKnownFileType = sourcecode.swift; path = ShadowButtonStyle.swift; sourceTree = "<group>"; };
		F9848E8B2ABDA68400F3642A /* SearchView.swift */ = {isa = PBXFileReference; lastKnownFileType = sourcecode.swift; path = SearchView.swift; sourceTree = "<group>"; };
/* End PBXFileReference section */

/* Begin PBXFrameworksBuildPhase section */
		F90E45352ABC33A000C1851A /* Frameworks */ = {
			isa = PBXFrameworksBuildPhase;
			buildActionMask = 2147483647;
			files = (
			);
			runOnlyForDeploymentPostprocessing = 0;
		};
/* End PBXFrameworksBuildPhase section */

/* Begin PBXGroup section */
		F90907B42ABCDD6E007D1C8C /* UI */ = {
			isa = PBXGroup;
			children = (
				F91996F62ABF8225001D3617 /* ViewModifiers */,
				F91996ED2ABF6A3B001D3617 /* Shapes */,
				F90907BB2ABCE51D007D1C8C /* Controls */,
				F90907B52ABCDD73007D1C8C /* ButtonStyles */,
				F9848E892ABDA66300F3642A /* Views */,
			);
			path = UI;
			sourceTree = "<group>";
		};
		F90907B52ABCDD73007D1C8C /* ButtonStyles */ = {
			isa = PBXGroup;
			children = (
				F9848E872ABD99B300F3642A /* ShadowButtonStyle.swift */,
				F9848E852ABD962000F3642A /* CheckmarkButtonStyle.swift */,
			);
			path = ButtonStyles;
			sourceTree = "<group>";
		};
		F90907BB2ABCE51D007D1C8C /* Controls */ = {
			isa = PBXGroup;
			children = (
				F90907B92ABCDE03007D1C8C /* Stepper.swift */,
				F9848E832ABD8C3500F3642A /* MultiSelectionPicker.swift */,
			);
			path = Controls;
			sourceTree = "<group>";
		};
		F90E452F2ABC33A000C1851A = {
			isa = PBXGroup;
			children = (
				F90E453A2ABC33A000C1851A /* Kiwi-Assignment */,
				F90E45392ABC33A000C1851A /* Products */,
			);
			sourceTree = "<group>";
		};
		F90E45392ABC33A000C1851A /* Products */ = {
			isa = PBXGroup;
			children = (
				F90E45382ABC33A000C1851A /* Kiwi-Assignment.app */,
			);
			name = Products;
			sourceTree = "<group>";
		};
		F90E453A2ABC33A000C1851A /* Kiwi-Assignment */ = {
			isa = PBXGroup;
			children = (
				F91995D82AC02919007E5888 /* Extensions */,
				F90E45512ABC4D4C00C1851A /* Models */,
				F90E45492ABC360400C1851A /* GraphQL */,
				F90907B42ABCDD6E007D1C8C /* UI */,
				F90E453B2ABC33A000C1851A /* App.swift */,
				F90E453F2ABC33A200C1851A /* Assets.xcassets */,
				F90E45412ABC33A200C1851A /* Preview Content */,
			);
			path = "Kiwi-Assignment";
			sourceTree = "<group>";
		};
		F90E45412ABC33A200C1851A /* Preview Content */ = {
			isa = PBXGroup;
			children = (
				F90E45422ABC33A200C1851A /* Preview Assets.xcassets */,
			);
			path = "Preview Content";
			sourceTree = "<group>";
		};
		F90E45492ABC360400C1851A /* GraphQL */ = {
			isa = PBXGroup;
			children = (
				F90E454C2ABC3C8F00C1851A /* GraphQLRequest.swift */,
				F90E454E2ABC3CB700C1851A /* GraphQLResponse.swift */,
				F90E454A2ABC361100C1851A /* GraphQLClient.swift */,
			);
			path = GraphQL;
			sourceTree = "<group>";
		};
		F90E45512ABC4D4C00C1851A /* Models */ = {
			isa = PBXGroup;
			children = (
				F90E45582ABC4E2800C1851A /* Models.swift */,
				F90E45522ABC4D5300C1851A /* Place.swift */,
				F90E455F2ABC5C7F00C1851A /* Flight.swift */,
				F90E45672ABC886B00C1851A /* Flight */,
			);
			path = Models;
			sourceTree = "<group>";
		};
		F90E45672ABC886B00C1851A /* Flight */ = {
			isa = PBXGroup;
			children = (
				F90E45612ABC881600C1851A /* CabinClass.swift */,
				F90E45632ABC884800C1851A /* BookingOption.swift */,
				F90E45652ABC886800C1851A /* Segment.swift */,
				F90E456A2ABC88B200C1851A /* Segment */,
				F90E45682ABC888A00C1851A /* Carrier.swift */,
			);
			path = Flight;
			sourceTree = "<group>";
		};
		F90E456A2ABC88B200C1851A /* Segment */ = {
			isa = PBXGroup;
			children = (
				F90E456B2ABC88BC00C1851A /* Stop.swift */,
				F90E456D2ABC88CA00C1851A /* Stop */,
				F90E45702ABC88EA00C1851A /* Layover.swift */,
			);
			path = Segment;
			sourceTree = "<group>";
		};
		F90E456D2ABC88CA00C1851A /* Stop */ = {
			isa = PBXGroup;
			children = (
				F90E456E2ABC88CF00C1851A /* City.swift */,
			);
			path = Stop;
			sourceTree = "<group>";
		};
		F91995D82AC02919007E5888 /* Extensions */ = {
			isa = PBXGroup;
			children = (
				F91995D92AC02923007E5888 /* CGPoint+Operators.swift */,
			);
			path = Extensions;
			sourceTree = "<group>";
		};
		F91996ED2ABF6A3B001D3617 /* Shapes */ = {
			isa = PBXGroup;
			children = (
				F91996EE2ABF6A43001D3617 /* Triangle.swift */,
			);
			path = Shapes;
			sourceTree = "<group>";
		};
		F91996F62ABF8225001D3617 /* ViewModifiers */ = {
			isa = PBXGroup;
			children = (
				F91996F42ABF81EE001D3617 /* SizeReaderViewModifier.swift */,
			);
			path = ViewModifiers;
			sourceTree = "<group>";
		};
		F92C8BF82ABECB0F007910F8 /* Flight */ = {
			isa = PBXGroup;
			children = (
				F97492772AC05658006F61C6 /* FlightsLoadingView.swift */,
				F97492792AC05EAF006F61C6 /* FlightsContentView.swift */,
				F974927D2AC069F2006F61C6 /* FlightsContent */,
			);
			path = Flight;
			sourceTree = "<group>";
		};
		F974927D2AC069F2006F61C6 /* FlightsContent */ = {
			isa = PBXGroup;
			children = (
				F91995D62AC028FC007E5888 /* FlightsContentDetailView.swift */,
				F91995DB2AC02971007E5888 /* FlightsContentItineraryImagesView.swift */,
				F91995DD2AC02A4E007E5888 /* FlightsContentItineraryPlaceNamesView.swift */,
			);
			path = FlightsContent;
			sourceTree = "<group>";
		};
		F9848E892ABDA66300F3642A /* Views */ = {
			isa = PBXGroup;
			children = (
				F90E453D2ABC33A000C1851A /* ContentView.swift */,
				F9848E812ABD88AB00F3642A /* TapLocationView.swift */,
				F9848E8A2ABDA67500F3642A /* Search */,
				F92C8BF82ABECB0F007910F8 /* Flight */,
				F91996EB2ABF690E001D3617 /* ScrollViewOffsetReader.swift */,
				F974927B2AC063DA006F61C6 /* GradientBackgroundView.swift */,
			);
			path = Views;
			sourceTree = "<group>";
		};
		F9848E8A2ABDA67500F3642A /* Search */ = {
			isa = PBXGroup;
			children = (
				F90E45722ABC8AAF00C1851A /* SearchConfigurationView.swift */,
				F9848E8B2ABDA68400F3642A /* SearchView.swift */,
			);
			path = Search;
			sourceTree = "<group>";
		};
/* End PBXGroup section */

/* Begin PBXNativeTarget section */
		F90E45372ABC33A000C1851A /* Kiwi-Assignment */ = {
			isa = PBXNativeTarget;
			buildConfigurationList = F90E45462ABC33A200C1851A /* Build configuration list for PBXNativeTarget "Kiwi-Assignment" */;
			buildPhases = (
				F90E45342ABC33A000C1851A /* Sources */,
				F90E45352ABC33A000C1851A /* Frameworks */,
				F90E45362ABC33A000C1851A /* Resources */,
			);
			buildRules = (
			);
			dependencies = (
			);
			name = "Kiwi-Assignment";
			productName = "Kiwi-Assignment";
			productReference = F90E45382ABC33A000C1851A /* Kiwi-Assignment.app */;
			productType = "com.apple.product-type.application";
		};
/* End PBXNativeTarget section */

/* Begin PBXProject section */
		F90E45302ABC33A000C1851A /* Project object */ = {
			isa = PBXProject;
			attributes = {
				BuildIndependentTargetsInParallel = 1;
				LastSwiftUpdateCheck = 1500;
				LastUpgradeCheck = 1500;
				TargetAttributes = {
					F90E45372ABC33A000C1851A = {
						CreatedOnToolsVersion = 15.0;
					};
				};
			};
			buildConfigurationList = F90E45332ABC33A000C1851A /* Build configuration list for PBXProject "Kiwi-Assignment" */;
			compatibilityVersion = "Xcode 14.0";
			developmentRegion = en;
			hasScannedForEncodings = 0;
			knownRegions = (
				en,
				Base,
			);
			mainGroup = F90E452F2ABC33A000C1851A;
			productRefGroup = F90E45392ABC33A000C1851A /* Products */;
			projectDirPath = "";
			projectRoot = "";
			targets = (
				F90E45372ABC33A000C1851A /* Kiwi-Assignment */,
			);
		};
/* End PBXProject section */

/* Begin PBXResourcesBuildPhase section */
		F90E45362ABC33A000C1851A /* Resources */ = {
			isa = PBXResourcesBuildPhase;
			buildActionMask = 2147483647;
			files = (
				F90E45432ABC33A200C1851A /* Preview Assets.xcassets in Resources */,
				F90E45402ABC33A200C1851A /* Assets.xcassets in Resources */,
			);
			runOnlyForDeploymentPostprocessing = 0;
		};
/* End PBXResourcesBuildPhase section */

/* Begin PBXSourcesBuildPhase section */
		F90E45342ABC33A000C1851A /* Sources */ = {
			isa = PBXSourcesBuildPhase;
			buildActionMask = 2147483647;
			files = (
				F90E45692ABC888A00C1851A /* Carrier.swift in Sources */,
				F90E45602ABC5C7F00C1851A /* Flight.swift in Sources */,
				F90E454B2ABC361100C1851A /* GraphQLClient.swift in Sources */,
				F90E45642ABC884800C1851A /* BookingOption.swift in Sources */,
				F90E454F2ABC3CB700C1851A /* GraphQLResponse.swift in Sources */,
				F90907BA2ABCDE03007D1C8C /* Stepper.swift in Sources */,
				F974927A2AC05EAF006F61C6 /* FlightsContentView.swift in Sources */,
				F90E453E2ABC33A000C1851A /* ContentView.swift in Sources */,
				F90E456F2ABC88CF00C1851A /* City.swift in Sources */,
				F91995DC2AC02971007E5888 /* FlightsContentItineraryImagesView.swift in Sources */,
				F90E45662ABC886800C1851A /* Segment.swift in Sources */,
				F90E453C2ABC33A000C1851A /* App.swift in Sources */,
				F91996EC2ABF690E001D3617 /* ScrollViewOffsetReader.swift in Sources */,
				F9848E8C2ABDA68400F3642A /* SearchView.swift in Sources */,
				F9848E882ABD99B300F3642A /* ShadowButtonStyle.swift in Sources */,
				F90E45712ABC88EA00C1851A /* Layover.swift in Sources */,
				F97492782AC05658006F61C6 /* FlightsLoadingView.swift in Sources */,
				F90E456C2ABC88BC00C1851A /* Stop.swift in Sources */,
				F9848E822ABD88AB00F3642A /* TapLocationView.swift in Sources */,
				F91996EF2ABF6A43001D3617 /* Triangle.swift in Sources */,
				F9848E842ABD8C3500F3642A /* MultiSelectionPicker.swift in Sources */,
				F974927C2AC063DA006F61C6 /* GradientBackgroundView.swift in Sources */,
				F90E454D2ABC3C8F00C1851A /* GraphQLRequest.swift in Sources */,
				F91995DA2AC02923007E5888 /* CGPoint+Operators.swift in Sources */,
				F90E45732ABC8AAF00C1851A /* SearchConfigurationView.swift in Sources */,
				F9848E862ABD962000F3642A /* CheckmarkButtonStyle.swift in Sources */,
				F90E45592ABC4E2800C1851A /* Models.swift in Sources */,
				F91996F52ABF81EE001D3617 /* SizeReaderViewModifier.swift in Sources */,
				F90E45622ABC881600C1851A /* CabinClass.swift in Sources */,
				F90E45532ABC4D5300C1851A /* Place.swift in Sources */,
				F91995D72AC028FC007E5888 /* FlightsContentDetailView.swift in Sources */,
				F91995DE2AC02A4E007E5888 /* FlightsContentItineraryPlaceNamesView.swift in Sources */,
			);
			runOnlyForDeploymentPostprocessing = 0;
		};
/* End PBXSourcesBuildPhase section */

/* Begin XCBuildConfiguration section */
		F90E45442ABC33A200C1851A /* Debug */ = {
			isa = XCBuildConfiguration;
			buildSettings = {
				ALWAYS_SEARCH_USER_PATHS = NO;
				ASSETCATALOG_COMPILER_GENERATE_SWIFT_ASSET_SYMBOL_EXTENSIONS = YES;
				CLANG_ANALYZER_NONNULL = YES;
				CLANG_ANALYZER_NUMBER_OBJECT_CONVERSION = YES_AGGRESSIVE;
				CLANG_CXX_LANGUAGE_STANDARD = "gnu++20";
				CLANG_ENABLE_MODULES = YES;
				CLANG_ENABLE_OBJC_ARC = YES;
				CLANG_ENABLE_OBJC_WEAK = YES;
				CLANG_WARN_BLOCK_CAPTURE_AUTORELEASING = YES;
				CLANG_WARN_BOOL_CONVERSION = YES;
				CLANG_WARN_COMMA = YES;
				CLANG_WARN_CONSTANT_CONVERSION = YES;
				CLANG_WARN_DEPRECATED_OBJC_IMPLEMENTATIONS = YES;
				CLANG_WARN_DIRECT_OBJC_ISA_USAGE = YES_ERROR;
				CLANG_WARN_DOCUMENTATION_COMMENTS = YES;
				CLANG_WARN_EMPTY_BODY = YES;
				CLANG_WARN_ENUM_CONVERSION = YES;
				CLANG_WARN_INFINITE_RECURSION = YES;
				CLANG_WARN_INT_CONVERSION = YES;
				CLANG_WARN_NON_LITERAL_NULL_CONVERSION = YES;
				CLANG_WARN_OBJC_IMPLICIT_RETAIN_SELF = YES;
				CLANG_WARN_OBJC_LITERAL_CONVERSION = YES;
				CLANG_WARN_OBJC_ROOT_CLASS = YES_ERROR;
				CLANG_WARN_QUOTED_INCLUDE_IN_FRAMEWORK_HEADER = YES;
				CLANG_WARN_RANGE_LOOP_ANALYSIS = YES;
				CLANG_WARN_STRICT_PROTOTYPES = YES;
				CLANG_WARN_SUSPICIOUS_MOVE = YES;
				CLANG_WARN_UNGUARDED_AVAILABILITY = YES_AGGRESSIVE;
				CLANG_WARN_UNREACHABLE_CODE = YES;
				CLANG_WARN__DUPLICATE_METHOD_MATCH = YES;
				COPY_PHASE_STRIP = NO;
				DEBUG_INFORMATION_FORMAT = dwarf;
				ENABLE_STRICT_OBJC_MSGSEND = YES;
				ENABLE_TESTABILITY = YES;
				ENABLE_USER_SCRIPT_SANDBOXING = YES;
				GCC_C_LANGUAGE_STANDARD = gnu17;
				GCC_DYNAMIC_NO_PIC = NO;
				GCC_NO_COMMON_BLOCKS = YES;
				GCC_OPTIMIZATION_LEVEL = 0;
				GCC_PREPROCESSOR_DEFINITIONS = (
					"DEBUG=1",
					"$(inherited)",
				);
				GCC_WARN_64_TO_32_BIT_CONVERSION = YES;
				GCC_WARN_ABOUT_RETURN_TYPE = YES_ERROR;
				GCC_WARN_UNDECLARED_SELECTOR = YES;
				GCC_WARN_UNINITIALIZED_AUTOS = YES_AGGRESSIVE;
				GCC_WARN_UNUSED_FUNCTION = YES;
				GCC_WARN_UNUSED_VARIABLE = YES;
				IPHONEOS_DEPLOYMENT_TARGET = 17.0;
				LOCALIZATION_PREFERS_STRING_CATALOGS = YES;
				MTL_ENABLE_DEBUG_INFO = INCLUDE_SOURCE;
				MTL_FAST_MATH = YES;
				ONLY_ACTIVE_ARCH = YES;
				SDKROOT = iphoneos;
				SWIFT_ACTIVE_COMPILATION_CONDITIONS = "DEBUG $(inherited)";
				SWIFT_OPTIMIZATION_LEVEL = "-Onone";
			};
			name = Debug;
		};
		F90E45452ABC33A200C1851A /* Release */ = {
			isa = XCBuildConfiguration;
			buildSettings = {
				ALWAYS_SEARCH_USER_PATHS = NO;
				ASSETCATALOG_COMPILER_GENERATE_SWIFT_ASSET_SYMBOL_EXTENSIONS = YES;
				CLANG_ANALYZER_NONNULL = YES;
				CLANG_ANALYZER_NUMBER_OBJECT_CONVERSION = YES_AGGRESSIVE;
				CLANG_CXX_LANGUAGE_STANDARD = "gnu++20";
				CLANG_ENABLE_MODULES = YES;
				CLANG_ENABLE_OBJC_ARC = YES;
				CLANG_ENABLE_OBJC_WEAK = YES;
				CLANG_WARN_BLOCK_CAPTURE_AUTORELEASING = YES;
				CLANG_WARN_BOOL_CONVERSION = YES;
				CLANG_WARN_COMMA = YES;
				CLANG_WARN_CONSTANT_CONVERSION = YES;
				CLANG_WARN_DEPRECATED_OBJC_IMPLEMENTATIONS = YES;
				CLANG_WARN_DIRECT_OBJC_ISA_USAGE = YES_ERROR;
				CLANG_WARN_DOCUMENTATION_COMMENTS = YES;
				CLANG_WARN_EMPTY_BODY = YES;
				CLANG_WARN_ENUM_CONVERSION = YES;
				CLANG_WARN_INFINITE_RECURSION = YES;
				CLANG_WARN_INT_CONVERSION = YES;
				CLANG_WARN_NON_LITERAL_NULL_CONVERSION = YES;
				CLANG_WARN_OBJC_IMPLICIT_RETAIN_SELF = YES;
				CLANG_WARN_OBJC_LITERAL_CONVERSION = YES;
				CLANG_WARN_OBJC_ROOT_CLASS = YES_ERROR;
				CLANG_WARN_QUOTED_INCLUDE_IN_FRAMEWORK_HEADER = YES;
				CLANG_WARN_RANGE_LOOP_ANALYSIS = YES;
				CLANG_WARN_STRICT_PROTOTYPES = YES;
				CLANG_WARN_SUSPICIOUS_MOVE = YES;
				CLANG_WARN_UNGUARDED_AVAILABILITY = YES_AGGRESSIVE;
				CLANG_WARN_UNREACHABLE_CODE = YES;
				CLANG_WARN__DUPLICATE_METHOD_MATCH = YES;
				COPY_PHASE_STRIP = NO;
				DEBUG_INFORMATION_FORMAT = "dwarf-with-dsym";
				ENABLE_NS_ASSERTIONS = NO;
				ENABLE_STRICT_OBJC_MSGSEND = YES;
				ENABLE_USER_SCRIPT_SANDBOXING = YES;
				GCC_C_LANGUAGE_STANDARD = gnu17;
				GCC_NO_COMMON_BLOCKS = YES;
				GCC_WARN_64_TO_32_BIT_CONVERSION = YES;
				GCC_WARN_ABOUT_RETURN_TYPE = YES_ERROR;
				GCC_WARN_UNDECLARED_SELECTOR = YES;
				GCC_WARN_UNINITIALIZED_AUTOS = YES_AGGRESSIVE;
				GCC_WARN_UNUSED_FUNCTION = YES;
				GCC_WARN_UNUSED_VARIABLE = YES;
				IPHONEOS_DEPLOYMENT_TARGET = 17.0;
				LOCALIZATION_PREFERS_STRING_CATALOGS = YES;
				MTL_ENABLE_DEBUG_INFO = NO;
				MTL_FAST_MATH = YES;
				SDKROOT = iphoneos;
				SWIFT_COMPILATION_MODE = wholemodule;
				VALIDATE_PRODUCT = YES;
			};
			name = Release;
		};
		F90E45472ABC33A200C1851A /* Debug */ = {
			isa = XCBuildConfiguration;
			buildSettings = {
				ASSETCATALOG_COMPILER_APPICON_NAME = AppIcon;
				ASSETCATALOG_COMPILER_GLOBAL_ACCENT_COLOR_NAME = AccentColor;
				CODE_SIGN_STYLE = Automatic;
				CURRENT_PROJECT_VERSION = 1;
				DEVELOPMENT_ASSET_PATHS = "\"Kiwi-Assignment/Preview Content\"";
				DEVELOPMENT_TEAM = 7R7GVTFP58;
				ENABLE_PREVIEWS = YES;
				GENERATE_INFOPLIST_FILE = YES;
				INFOPLIST_KEY_UIApplicationSceneManifest_Generation = YES;
				INFOPLIST_KEY_UIApplicationSupportsIndirectInputEvents = YES;
				INFOPLIST_KEY_UILaunchScreen_Generation = YES;
				INFOPLIST_KEY_UISupportedInterfaceOrientations_iPad = "UIInterfaceOrientationPortrait UIInterfaceOrientationPortraitUpsideDown UIInterfaceOrientationLandscapeLeft UIInterfaceOrientationLandscapeRight";
				INFOPLIST_KEY_UISupportedInterfaceOrientations_iPhone = "UIInterfaceOrientationPortrait UIInterfaceOrientationLandscapeLeft UIInterfaceOrientationLandscapeRight";
				LD_RUNPATH_SEARCH_PATHS = (
					"$(inherited)",
					"@executable_path/Frameworks",
				);
				MARKETING_VERSION = 1.0;
				PRODUCT_BUNDLE_IDENTIFIER = "com.breath.Kiwi-Assignment";
				PRODUCT_NAME = "$(TARGET_NAME)";
				SWIFT_EMIT_LOC_STRINGS = YES;
				SWIFT_VERSION = 5.0;
				TARGETED_DEVICE_FAMILY = "1,2";
			};
			name = Debug;
		};
		F90E45482ABC33A200C1851A /* Release */ = {
			isa = XCBuildConfiguration;
			buildSettings = {
				ASSETCATALOG_COMPILER_APPICON_NAME = AppIcon;
				ASSETCATALOG_COMPILER_GLOBAL_ACCENT_COLOR_NAME = AccentColor;
				CODE_SIGN_STYLE = Automatic;
				CURRENT_PROJECT_VERSION = 1;
				DEVELOPMENT_ASSET_PATHS = "\"Kiwi-Assignment/Preview Content\"";
				DEVELOPMENT_TEAM = 7R7GVTFP58;
				ENABLE_PREVIEWS = YES;
				GENERATE_INFOPLIST_FILE = YES;
				INFOPLIST_KEY_UIApplicationSceneManifest_Generation = YES;
				INFOPLIST_KEY_UIApplicationSupportsIndirectInputEvents = YES;
				INFOPLIST_KEY_UILaunchScreen_Generation = YES;
				INFOPLIST_KEY_UISupportedInterfaceOrientations_iPad = "UIInterfaceOrientationPortrait UIInterfaceOrientationPortraitUpsideDown UIInterfaceOrientationLandscapeLeft UIInterfaceOrientationLandscapeRight";
				INFOPLIST_KEY_UISupportedInterfaceOrientations_iPhone = "UIInterfaceOrientationPortrait UIInterfaceOrientationLandscapeLeft UIInterfaceOrientationLandscapeRight";
				LD_RUNPATH_SEARCH_PATHS = (
					"$(inherited)",
					"@executable_path/Frameworks",
				);
				MARKETING_VERSION = 1.0;
				PRODUCT_BUNDLE_IDENTIFIER = "com.breath.Kiwi-Assignment";
				PRODUCT_NAME = "$(TARGET_NAME)";
				SWIFT_EMIT_LOC_STRINGS = YES;
				SWIFT_VERSION = 5.0;
				TARGETED_DEVICE_FAMILY = "1,2";
			};
			name = Release;
		};
/* End XCBuildConfiguration section */

/* Begin XCConfigurationList section */
		F90E45332ABC33A000C1851A /* Build configuration list for PBXProject "Kiwi-Assignment" */ = {
			isa = XCConfigurationList;
			buildConfigurations = (
				F90E45442ABC33A200C1851A /* Debug */,
				F90E45452ABC33A200C1851A /* Release */,
			);
			defaultConfigurationIsVisible = 0;
			defaultConfigurationName = Release;
		};
		F90E45462ABC33A200C1851A /* Build configuration list for PBXNativeTarget "Kiwi-Assignment" */ = {
			isa = XCConfigurationList;
			buildConfigurations = (
				F90E45472ABC33A200C1851A /* Debug */,
				F90E45482ABC33A200C1851A /* Release */,
			);
			defaultConfigurationIsVisible = 0;
			defaultConfigurationName = Release;
		};
/* End XCConfigurationList section */
	};
	rootObject = F90E45302ABC33A000C1851A /* Project object */;
}
